
Microsoft Visual Studio Solution File, Format Version 11.00
# Visual Studio 2010
Project("{FAE04EC0-301F-11D3-BF4B-00C04F79EFBC}") = "HelloWorld", "HelloWorld\HelloWorld.csproj", "{7FF2339D-5100-4353-9436-508E36CF051E}"
EndProject
Global
	GlobalSection(SolutionConfigurationPlatforms) = preSolution
		Debug|iPhoneSimulator = Debug|iPhoneSimulator
		Release|iPhoneSimulator = Release|iPhoneSimulator
		Debug|iPhone = Debug|iPhone
		Release|iPhone = Release|iPhone
		Ad-Hoc|iPhone = Ad-Hoc|iPhone
		AppStore|iPhone = AppStore|iPhone
	EndGlobalSection
	GlobalSection(ProjectConfigurationPlatforms) = postSolution
		{7FF2339D-5100-4353-9436-508E36CF051E}.Ad-Hoc|iPhone.ActiveCfg = Ad-Hoc|iPhone
		{7FF2339D-5100-4353-9436-508E36CF051E}.Ad-Hoc|iPhone.Build.0 = Ad-Hoc|iPhone
		{7FF2339D-5100-4353-9436-508E36CF051E}.AppStore|iPhone.ActiveCfg = AppStore|iPhone
		{7FF2339D-5100-4353-9436-508E36CF051E}.AppStore|iPhone.Build.0 = AppStore|iPhone
		{7FF2339D-5100-4353-9436-508E36CF051E}.Debug|iPhone.ActiveCfg = Debug|iPhone
		{7FF2339D-5100-4353-9436-508E36CF051E}.Debug|iPhone.Build.0 = Debug|iPhone
		{7FF2339D-5100-4353-9436-508E36CF051E}.Debug|iPhoneSimulator.ActiveCfg = Debug|iPhoneSimulator
		{7FF2339D-5100-4353-9436-508E36CF051E}.Debug|iPhoneSimulator.Build.0 = Debug|iPhoneSimulator
		{7FF2339D-5100-4353-9436-508E36CF051E}.Release|iPhone.ActiveCfg = Release|iPhone
		{7FF2339D-5100-4353-9436-508E36CF051E}.Release|iPhone.Build.0 = Release|iPhone
		{7FF2339D-5100-4353-9436-508E36CF051E}.Release|iPhoneSimulator.ActiveCfg = Release|iPhoneSimulator
		{7FF2339D-5100-4353-9436-508E36CF051E}.Release|iPhoneSimulator.Build.0 = Release|iPhoneSimulator
	EndGlobalSection
	GlobalSection(MonoDevelopProperties) = preSolution
		StartupItem = HelloWorld\HelloWorld.csproj
	EndGlobalSection
EndGlobal
