
Microsoft Visual Studio Solution File, Format Version 11.00
# Visual Studio 2010
Project("{FAE04EC0-301F-11D3-BF4B-00C04F79EFBC}") = "multi-libs", "multi-libs\multi-libs.csproj", "{94EFFB0E-41AE-475D-96D0-E43E8C330566}"
EndProject
Global
	GlobalSection(SolutionConfigurationPlatforms) = preSolution
		Debug|iPhoneSimulator = Debug|iPhoneSimulator
		Release|iPhoneSimulator = Release|iPhoneSimulator
		Debug|iPhone = Debug|iPhone
		Release|iPhone = Release|iPhone
		Ad-Hoc|iPhone = Ad-Hoc|iPhone
		AppStore|iPhone = AppStore|iPhone
	EndGlobalSection
	GlobalSection(ProjectConfigurationPlatforms) = postSolution
		{94EFFB0E-41AE-475D-96D0-E43E8C330566}.Ad-Hoc|iPhone.ActiveCfg = Ad-Hoc|iPhone
		{94EFFB0E-41AE-475D-96D0-E43E8C330566}.Ad-Hoc|iPhone.Build.0 = Ad-Hoc|iPhone
		{94EFFB0E-41AE-475D-96D0-E43E8C330566}.AppStore|iPhone.ActiveCfg = AppStore|iPhone
		{94EFFB0E-41AE-475D-96D0-E43E8C330566}.AppStore|iPhone.Build.0 = AppStore|iPhone
		{94EFFB0E-41AE-475D-96D0-E43E8C330566}.Debug|iPhone.ActiveCfg = Debug|iPhone
		{94EFFB0E-41AE-475D-96D0-E43E8C330566}.Debug|iPhone.Build.0 = Debug|iPhone
		{94EFFB0E-41AE-475D-96D0-E43E8C330566}.Debug|iPhoneSimulator.ActiveCfg = Debug|iPhoneSimulator
		{94EFFB0E-41AE-475D-96D0-E43E8C330566}.Debug|iPhoneSimulator.Build.0 = Debug|iPhoneSimulator
		{94EFFB0E-41AE-475D-96D0-E43E8C330566}.Release|iPhone.ActiveCfg = Release|iPhone
		{94EFFB0E-41AE-475D-96D0-E43E8C330566}.Release|iPhone.Build.0 = Release|iPhone
		{94EFFB0E-41AE-475D-96D0-E43E8C330566}.Release|iPhoneSimulator.ActiveCfg = Release|iPhoneSimulator
		{94EFFB0E-41AE-475D-96D0-E43E8C330566}.Release|iPhoneSimulator.Build.0 = Release|iPhoneSimulator
	EndGlobalSection
	GlobalSection(MonoDevelopProperties) = preSolution
		StartupItem = multi-libs\multi-libs.csproj
	EndGlobalSection
EndGlobal
